
Microsoft Visual Studio Solution File, Format Version 12.00
# Visual Studio Version 17
VisualStudioVersion = 17.8.34511.84
MinimumVisualStudioVersion = 10.0.40219.1
Project("{FAE04EC0-301F-11D3-BF4B-00C04F79EFBC}") = "EnumsAndCollectionsExercise03", "EnumsAndCollectionsExercise03\EnumsAndCollectionsExercise03.csproj", "{A8340178-B7E9-44D5-B148-18F6695BA47B}"
EndProject
Global
	GlobalSection(SolutionConfigurationPlatforms) = preSolution
		Debug|Any CPU = Debug|Any CPU
		Release|Any CPU = Release|Any CPU
	EndGlobalSection
	GlobalSection(ProjectConfigurationPlatforms) = postSolution
		{A8340178-B7E9-44D5-B148-18F6695BA47B}.Debug|Any CPU.ActiveCfg = Debug|Any CPU
		{A8340178-B7E9-44D5-B148-18F6695BA47B}.Debug|Any CPU.Build.0 = Debug|Any CPU
		{A8340178-B7E9-44D5-B148-18F6695BA47B}.Release|Any CPU.ActiveCfg = Release|Any CPU
		{A8340178-B7E9-44D5-B148-18F6695BA47B}.Release|Any CPU.Build.0 = Release|Any CPU
	EndGlobalSection
	GlobalSection(SolutionProperties) = preSolution
		HideSolutionNode = FALSE
	EndGlobalSection
	GlobalSection(ExtensibilityGlobals) = postSolution
		SolutionGuid = {46513B25-38F2-430A-B3C2-CF37BAB9A67B}
	EndGlobalSection
EndGlobal
